
Microsoft Visual Studio Solution File, Format Version 12.00
# Blend for Visual Studio Version 16
VisualStudioVersion = 16.0.32802.440
MinimumVisualStudioVersion = 10.0.40219.1
Project("{FAE04EC0-301F-11D3-BF4B-00C04F79EFBC}") = "RPGMain", "RPGMain.csproj", "{4046C6A9-B0EF-48B2-B4CE-3BDEDCAC4A30}"
EndProject
Project("{FAE04EC0-301F-11D3-BF4B-00C04F79EFBC}") = "Engine", "..\Engine\Engine.csproj", "{D26F67D0-7815-4BDD-8AAE-A95BE80033BB}"
EndProject
Global
	GlobalSection(SolutionConfigurationPlatforms) = preSolution
		Debug|Any CPU = Debug|Any CPU
		Release|Any CPU = Release|Any CPU
	EndGlobalSection
	GlobalSection(ProjectConfigurationPlatforms) = postSolution
		{4046C6A9-B0EF-48B2-B4CE-3BDEDCAC4A30}.Debug|Any CPU.ActiveCfg = Debug|Any CPU
		{4046C6A9-B0EF-48B2-B4CE-3BDEDCAC4A30}.Debug|Any CPU.Build.0 = Debug|Any CPU
		{4046C6A9-B0EF-48B2-B4CE-3BDEDCAC4A30}.Release|Any CPU.ActiveCfg = Release|Any CPU
		{4046C6A9-B0EF-48B2-B4CE-3BDEDCAC4A30}.Release|Any CPU.Build.0 = Release|Any CPU
		{D26F67D0-7815-4BDD-8AAE-A95BE80033BB}.Debug|Any CPU.ActiveCfg = Debug|Any CPU
		{D26F67D0-7815-4BDD-8AAE-A95BE80033BB}.Debug|Any CPU.Build.0 = Debug|Any CPU
		{D26F67D0-7815-4BDD-8AAE-A95BE80033BB}.Release|Any CPU.ActiveCfg = Release|Any CPU
		{D26F67D0-7815-4BDD-8AAE-A95BE80033BB}.Release|Any CPU.Build.0 = Release|Any CPU
	EndGlobalSection
	GlobalSection(SolutionProperties) = preSolution
		HideSolutionNode = FALSE
	EndGlobalSection
	GlobalSection(ExtensibilityGlobals) = postSolution
		SolutionGuid = {C04AEE23-C65A-4139-A9BE-F260754A834B}
	EndGlobalSection
EndGlobal
